
Microsoft Visual Studio Solution File, Format Version 12.00
# Visual Studio Version 17
VisualStudioVersion = 17.11.35312.102
MinimumVisualStudioVersion = 10.0.40219.1
Project("{FAE04EC0-301F-11D3-BF4B-00C04F79EFBC}") = "cadastro_cliente_POO", "cadastro_cliente_POO.csproj", "{EC373B9A-FBEB-4C9A-A615-869872C46BBF}"
EndProject
Global
	GlobalSection(SolutionConfigurationPlatforms) = preSolution
		Debug|Any CPU = Debug|Any CPU
		Release|Any CPU = Release|Any CPU
	EndGlobalSection
	GlobalSection(ProjectConfigurationPlatforms) = postSolution
		{EC373B9A-FBEB-4C9A-A615-869872C46BBF}.Debug|Any CPU.ActiveCfg = Debug|Any CPU
		{EC373B9A-FBEB-4C9A-A615-869872C46BBF}.Debug|Any CPU.Build.0 = Debug|Any CPU
		{EC373B9A-FBEB-4C9A-A615-869872C46BBF}.Release|Any CPU.ActiveCfg = Release|Any CPU
		{EC373B9A-FBEB-4C9A-A615-869872C46BBF}.Release|Any CPU.Build.0 = Release|Any CPU
	EndGlobalSection
	GlobalSection(SolutionProperties) = preSolution
		HideSolutionNode = FALSE
	EndGlobalSection
	GlobalSection(ExtensibilityGlobals) = postSolution
		SolutionGuid = {669683BA-4265-4E07-ADF3-672BC5F2C7F2}
	EndGlobalSection
EndGlobal
