
Microsoft Visual Studio Solution File, Format Version 12.00
# Visual Studio Version 17
VisualStudioVersion = 17.13.35913.81 d17.13
MinimumVisualStudioVersion = 10.0.40219.1
Project("{FAE04EC0-301F-11D3-BF4B-00C04F79EFBC}") = "JhoniesAT-6", "JhoniesAT-6\JhoniesAT-6.csproj", "{8F292BC5-EBD1-4020-A06C-70204D3A836D}"
EndProject
Global
	GlobalSection(SolutionConfigurationPlatforms) = preSolution
		Debug|Any CPU = Debug|Any CPU
		Release|Any CPU = Release|Any CPU
	EndGlobalSection
	GlobalSection(ProjectConfigurationPlatforms) = postSolution
		{8F292BC5-EBD1-4020-A06C-70204D3A836D}.Debug|Any CPU.ActiveCfg = Debug|Any CPU
		{8F292BC5-EBD1-4020-A06C-70204D3A836D}.Debug|Any CPU.Build.0 = Debug|Any CPU
		{8F292BC5-EBD1-4020-A06C-70204D3A836D}.Release|Any CPU.ActiveCfg = Release|Any CPU
		{8F292BC5-EBD1-4020-A06C-70204D3A836D}.Release|Any CPU.Build.0 = Release|Any CPU
	EndGlobalSection
	GlobalSection(SolutionProperties) = preSolution
		HideSolutionNode = FALSE
	EndGlobalSection
	GlobalSection(ExtensibilityGlobals) = postSolution
		SolutionGuid = {BB3B9175-D4F6-45B5-891A-D033C1947092}
	EndGlobalSection
EndGlobal
