
Microsoft Visual Studio Solution File, Format Version 12.00
Project("{FAE04EC0-301F-11D3-BF4B-00C04F79EFBC}") = "Jhonies-At1ex2", "Jhonies-At1ex2\Jhonies-At1ex2.csproj", "{00776B34-1C21-4320-9278-19F7B8B73A53}"
EndProject
Global
	GlobalSection(SolutionConfigurationPlatforms) = preSolution
		Debug|Any CPU = Debug|Any CPU
		Release|Any CPU = Release|Any CPU
	EndGlobalSection
	GlobalSection(ProjectConfigurationPlatforms) = postSolution
		{00776B34-1C21-4320-9278-19F7B8B73A53}.Debug|Any CPU.ActiveCfg = Debug|Any CPU
		{00776B34-1C21-4320-9278-19F7B8B73A53}.Debug|Any CPU.Build.0 = Debug|Any CPU
		{00776B34-1C21-4320-9278-19F7B8B73A53}.Release|Any CPU.ActiveCfg = Release|Any CPU
		{00776B34-1C21-4320-9278-19F7B8B73A53}.Release|Any CPU.Build.0 = Release|Any CPU
	EndGlobalSection
EndGlobal
