
Microsoft Visual Studio Solution File, Format Version 12.00
# Visual Studio Version 17
VisualStudioVersion = 17.11.35312.102
MinimumVisualStudioVersion = 10.0.40219.1
Project("{FAE04EC0-301F-11D3-BF4B-00C04F79EFBC}") = "Teste_selenium_mypage", "Teste_selenium_mypage.csproj", "{4F3CCA45-DEFB-4418-8B8F-776AF4D780A5}"
EndProject
Global
	GlobalSection(SolutionConfigurationPlatforms) = preSolution
		Debug|Any CPU = Debug|Any CPU
		Release|Any CPU = Release|Any CPU
	EndGlobalSection
	GlobalSection(ProjectConfigurationPlatforms) = postSolution
		{4F3CCA45-DEFB-4418-8B8F-776AF4D780A5}.Debug|Any CPU.ActiveCfg = Debug|Any CPU
		{4F3CCA45-DEFB-4418-8B8F-776AF4D780A5}.Debug|Any CPU.Build.0 = Debug|Any CPU
		{4F3CCA45-DEFB-4418-8B8F-776AF4D780A5}.Release|Any CPU.ActiveCfg = Release|Any CPU
		{4F3CCA45-DEFB-4418-8B8F-776AF4D780A5}.Release|Any CPU.Build.0 = Release|Any CPU
	EndGlobalSection
	GlobalSection(SolutionProperties) = preSolution
		HideSolutionNode = FALSE
	EndGlobalSection
	GlobalSection(ExtensibilityGlobals) = postSolution
		SolutionGuid = {2E231E2B-FF52-4AEA-BA4F-1398254EE995}
	EndGlobalSection
EndGlobal
